
Microsoft Visual Studio Solution File, Format Version 12.00
# Visual Studio Version 17
VisualStudioVersion = 17.2.32519.379
MinimumVisualStudioVersion = 10.0.40219.1
Project("{FAE04EC0-301F-11D3-BF4B-00C04F79EFBC}") = "LinqFundamentals", "LinqFundamentals\LinqFundamentals.csproj", "{1968EC01-7DBC-4D84-911B-7F0436A2D556}"
EndProject
Global
	GlobalSection(SolutionConfigurationPlatforms) = preSolution
		Debug|Any CPU = Debug|Any CPU
		Release|Any CPU = Release|Any CPU
	EndGlobalSection
	GlobalSection(ProjectConfigurationPlatforms) = postSolution
		{1968EC01-7DBC-4D84-911B-7F0436A2D556}.Debug|Any CPU.ActiveCfg = Debug|Any CPU
		{1968EC01-7DBC-4D84-911B-7F0436A2D556}.Debug|Any CPU.Build.0 = Debug|Any CPU
		{1968EC01-7DBC-4D84-911B-7F0436A2D556}.Release|Any CPU.ActiveCfg = Release|Any CPU
		{1968EC01-7DBC-4D84-911B-7F0436A2D556}.Release|Any CPU.Build.0 = Release|Any CPU
	EndGlobalSection
	GlobalSection(SolutionProperties) = preSolution
		HideSolutionNode = FALSE
	EndGlobalSection
	GlobalSection(ExtensibilityGlobals) = postSolution
		SolutionGuid = {D9E00422-8FFC-4609-949B-5F9B5A87CDCB}
	EndGlobalSection
EndGlobal
